// !$*UTF8*$!
{
	archiveVersion = 1;
	classes = {
	};
	objectVersion = 50;
	objects = {

/* Begin PBXBuildFile section */
		30156BB7266696910084D9F2 /* AppDelegate.swift in Sources */ = {isa = PBXBuildFile; fileRef = 30156BB6266696910084D9F2 /* AppDelegate.swift */; };
		30156BB9266696910084D9F2 /* SceneDelegate.swift in Sources */ = {isa = PBXBuildFile; fileRef = 30156BB8266696910084D9F2 /* SceneDelegate.swift */; };
		30156BBB266696910084D9F2 /* ViewController.swift in Sources */ = {isa = PBXBuildFile; fileRef = 30156BBA266696910084D9F2 /* ViewController.swift */; };
		30156BBE266696910084D9F2 /* Main.storyboard in Resources */ = {isa = PBXBuildFile; fileRef = 30156BBC266696910084D9F2 /* Main.storyboard */; };
		30156BC02666969B0084D9F2 /* Assets.xcassets in Resources */ = {isa = PBXBuildFile; fileRef = 30156BBF2666969B0084D9F2 /* Assets.xcassets */; };
		30156BC32666969B0084D9F2 /* LaunchScreen.storyboard in Resources */ = {isa = PBXBuildFile; fileRef = 30156BC12666969B0084D9F2 /* LaunchScreen.storyboard */; };
		30156BCE2666969C0084D9F2 /* eggplant_brownieTests.swift in Sources */ = {isa = PBXBuildFile; fileRef = 30156BCD2666969C0084D9F2 /* eggplant_brownieTests.swift */; };
		30156BD92666969C0084D9F2 /* eggplant_brownieUITests.swift in Sources */ = {isa = PBXBuildFile; fileRef = 30156BD82666969C0084D9F2 /* eggplant_brownieUITests.swift */; };
		3085314226672554004DB2E8 /* Refeicao.swift in Sources */ = {isa = PBXBuildFile; fileRef = 3085314126672554004DB2E8 /* Refeicao.swift */; };
		308531442667258A004DB2E8 /* Item.swift in Sources */ = {isa = PBXBuildFile; fileRef = 308531432667258A004DB2E8 /* Item.swift */; };
		30BC6C39266C5CA700CF0056 /* RefeicoesTableViewController.swift in Sources */ = {isa = PBXBuildFile; fileRef = 30BC6C38266C5CA700CF0056 /* RefeicoesTableViewController.swift */; };
/* End PBXBuildFile section */

/* Begin PBXContainerItemProxy section */
		30156BCA2666969C0084D9F2 /* PBXContainerItemProxy */ = {
			isa = PBXContainerItemProxy;
			containerPortal = 30156BAB266696910084D9F2 /* Project object */;
			proxyType = 1;
			remoteGlobalIDString = 30156BB2266696910084D9F2;
			remoteInfo = "eggplant-brownie";
		};
		30156BD52666969C0084D9F2 /* PBXContainerItemProxy */ = {
			isa = PBXContainerItemProxy;
			containerPortal = 30156BAB266696910084D9F2 /* Project object */;
			proxyType = 1;
			remoteGlobalIDString = 30156BB2266696910084D9F2;
			remoteInfo = "eggplant-brownie";
		};
/* End PBXContainerItemProxy section */

/* Begin PBXFileReference section */
		30156BB3266696910084D9F2 /* eggplant-brownie.app */ = {isa = PBXFileReference; explicitFileType = wrapper.application; includeInIndex = 0; path = "eggplant-brownie.app"; sourceTree = BUILT_PRODUCTS_DIR; };
		30156BB6266696910084D9F2 /* AppDelegate.swift */ = {isa = PBXFileReference; lastKnownFileType = sourcecode.swift; path = AppDelegate.swift; sourceTree = "<group>"; };
		30156BB8266696910084D9F2 /* SceneDelegate.swift */ = {isa = PBXFileReference; lastKnownFileType = sourcecode.swift; path = SceneDelegate.swift; sourceTree = "<group>"; };
		30156BBA266696910084D9F2 /* ViewController.swift */ = {isa = PBXFileReference; lastKnownFileType = sourcecode.swift; path = ViewController.swift; sourceTree = "<group>"; };
		30156BBD266696910084D9F2 /* Base */ = {isa = PBXFileReference; lastKnownFileType = file.storyboard; name = Base; path = Base.lproj/Main.storyboard; sourceTree = "<group>"; };
		30156BBF2666969B0084D9F2 /* Assets.xcassets */ = {isa = PBXFileReference; lastKnownFileType = folder.assetcatalog; path = Assets.xcassets; sourceTree = "<group>"; };
		30156BC22666969B0084D9F2 /* Base */ = {isa = PBXFileReference; lastKnownFileType = file.storyboard; name = Base; path = Base.lproj/LaunchScreen.storyboard; sourceTree = "<group>"; };
		30156BC42666969B0084D9F2 /* Info.plist */ = {isa = PBXFileReference; lastKnownFileType = text.plist.xml; path = Info.plist; sourceTree = "<group>"; };
		30156BC92666969C0084D9F2 /* eggplant-brownieTests.xctest */ = {isa = PBXFileReference; explicitFileType = wrapper.cfbundle; includeInIndex = 0; path = "eggplant-brownieTests.xctest"; sourceTree = BUILT_PRODUCTS_DIR; };
		30156BCD2666969C0084D9F2 /* eggplant_brownieTests.swift */ = {isa = PBXFileReference; lastKnownFileType = sourcecode.swift; path = eggplant_brownieTests.swift; sourceTree = "<group>"; };
		30156BCF2666969C0084D9F2 /* Info.plist */ = {isa = PBXFileReference; lastKnownFileType = text.plist.xml; path = Info.plist; sourceTree = "<group>"; };
		30156BD42666969C0084D9F2 /* eggplant-brownieUITests.xctest */ = {isa = PBXFileReference; explicitFileType = wrapper.cfbundle; includeInIndex = 0; path = "eggplant-brownieUITests.xctest"; sourceTree = BUILT_PRODUCTS_DIR; };
		30156BD82666969C0084D9F2 /* eggplant_brownieUITests.swift */ = {isa = PBXFileReference; lastKnownFileType = sourcecode.swift; path = eggplant_brownieUITests.swift; sourceTree = "<group>"; };
		30156BDA2666969C0084D9F2 /* Info.plist */ = {isa = PBXFileReference; lastKnownFileType = text.plist.xml; path = Info.plist; sourceTree = "<group>"; };
		308531402666FCF3004DB2E8 /* MyPlayground.playground */ = {isa = PBXFileReference; lastKnownFileType = file.playground; path = MyPlayground.playground; sourceTree = "<group>"; xcLanguageSpecificationIdentifier = xcode.lang.swift; };
		3085314126672554004DB2E8 /* Refeicao.swift */ = {isa = PBXFileReference; lastKnownFileType = sourcecode.swift; path = Refeicao.swift; sourceTree = "<group>"; };
		308531432667258A004DB2E8 /* Item.swift */ = {isa = PBXFileReference; lastKnownFileType = sourcecode.swift; path = Item.swift; sourceTree = "<group>"; };
		30BC6C38266C5CA700CF0056 /* RefeicoesTableViewController.swift */ = {isa = PBXFileReference; lastKnownFileType = sourcecode.swift; path = RefeicoesTableViewController.swift; sourceTree = "<group>"; };
/* End PBXFileReference section */

/* Begin PBXFrameworksBuildPhase section */
		30156BB0266696910084D9F2 /* Frameworks */ = {
			isa = PBXFrameworksBuildPhase;
			buildActionMask = 2147483647;
			files = (
			);
			runOnlyForDeploymentPostprocessing = 0;
		};
		30156BC62666969C0084D9F2 /* Frameworks */ = {
			isa = PBXFrameworksBuildPhase;
			buildActionMask = 2147483647;
			files = (
			);
			runOnlyForDeploymentPostprocessing = 0;
		};
		30156BD12666969C0084D9F2 /* Frameworks */ = {
			isa = PBXFrameworksBuildPhase;
			buildActionMask = 2147483647;
			files = (
			);
			runOnlyForDeploymentPostprocessing = 0;
		};
/* End PBXFrameworksBuildPhase section */

/* Begin PBXGroup section */
		30156BAA266696910084D9F2 = {
			isa = PBXGroup;
			children = (
				30156BB5266696910084D9F2 /* eggplant-brownie */,
				30156BCC2666969C0084D9F2 /* eggplant-brownieTests */,
				30156BD72666969C0084D9F2 /* eggplant-brownieUITests */,
				30156BB4266696910084D9F2 /* Products */,
			);
			sourceTree = "<group>";
		};
		30156BB4266696910084D9F2 /* Products */ = {
			isa = PBXGroup;
			children = (
				30156BB3266696910084D9F2 /* eggplant-brownie.app */,
				30156BC92666969C0084D9F2 /* eggplant-brownieTests.xctest */,
				30156BD42666969C0084D9F2 /* eggplant-brownieUITests.xctest */,
			);
			name = Products;
			sourceTree = "<group>";
		};
		30156BB5266696910084D9F2 /* eggplant-brownie */ = {
			isa = PBXGroup;
			children = (
				30156BB6266696910084D9F2 /* AppDelegate.swift */,
				30156BB8266696910084D9F2 /* SceneDelegate.swift */,
				3085314526672648004DB2E8 /* Models */,
				308531472667268E004DB2E8 /* Views */,
				308531462667266D004DB2E8 /* Controllers */,
				30156BBF2666969B0084D9F2 /* Assets.xcassets */,
				308531402666FCF3004DB2E8 /* MyPlayground.playground */,
				30156BC12666969B0084D9F2 /* LaunchScreen.storyboard */,
				30156BC42666969B0084D9F2 /* Info.plist */,
			);
			path = "eggplant-brownie";
			sourceTree = "<group>";
		};
		30156BCC2666969C0084D9F2 /* eggplant-brownieTests */ = {
			isa = PBXGroup;
			children = (
				30156BCD2666969C0084D9F2 /* eggplant_brownieTests.swift */,
				30156BCF2666969C0084D9F2 /* Info.plist */,
			);
			path = "eggplant-brownieTests";
			sourceTree = "<group>";
		};
		30156BD72666969C0084D9F2 /* eggplant-brownieUITests */ = {
			isa = PBXGroup;
			children = (
				30156BD82666969C0084D9F2 /* eggplant_brownieUITests.swift */,
				30156BDA2666969C0084D9F2 /* Info.plist */,
			);
			path = "eggplant-brownieUITests";
			sourceTree = "<group>";
		};
		3085314526672648004DB2E8 /* Models */ = {
			isa = PBXGroup;
			children = (
				3085314126672554004DB2E8 /* Refeicao.swift */,
				308531432667258A004DB2E8 /* Item.swift */,
			);
			path = Models;
			sourceTree = "<group>";
		};
		308531462667266D004DB2E8 /* Controllers */ = {
			isa = PBXGroup;
			children = (
				30156BBA266696910084D9F2 /* ViewController.swift */,
				30BC6C38266C5CA700CF0056 /* RefeicoesTableViewController.swift */,
			);
			path = Controllers;
			sourceTree = "<group>";
		};
		308531472667268E004DB2E8 /* Views */ = {
			isa = PBXGroup;
			children = (
				30156BBC266696910084D9F2 /* Main.storyboard */,
			);
			path = Views;
			sourceTree = "<group>";
		};
/* End PBXGroup section */

/* Begin PBXNativeTarget section */
		30156BB2266696910084D9F2 /* eggplant-brownie */ = {
			isa = PBXNativeTarget;
			buildConfigurationList = 30156BDD2666969C0084D9F2 /* Build configuration list for PBXNativeTarget "eggplant-brownie" */;
			buildPhases = (
				30156BAF266696910084D9F2 /* Sources */,
				30156BB0266696910084D9F2 /* Frameworks */,
				30156BB1266696910084D9F2 /* Resources */,
			);
			buildRules = (
			);
			dependencies = (
			);
			name = "eggplant-brownie";
			productName = "eggplant-brownie";
			productReference = 30156BB3266696910084D9F2 /* eggplant-brownie.app */;
			productType = "com.apple.product-type.application";
		};
		30156BC82666969C0084D9F2 /* eggplant-brownieTests */ = {
			isa = PBXNativeTarget;
			buildConfigurationList = 30156BE02666969C0084D9F2 /* Build configuration list for PBXNativeTarget "eggplant-brownieTests" */;
			buildPhases = (
				30156BC52666969C0084D9F2 /* Sources */,
				30156BC62666969C0084D9F2 /* Frameworks */,
				30156BC72666969C0084D9F2 /* Resources */,
			);
			buildRules = (
			);
			dependencies = (
				30156BCB2666969C0084D9F2 /* PBXTargetDependency */,
			);
			name = "eggplant-brownieTests";
			productName = "eggplant-brownieTests";
			productReference = 30156BC92666969C0084D9F2 /* eggplant-brownieTests.xctest */;
			productType = "com.apple.product-type.bundle.unit-test";
		};
		30156BD32666969C0084D9F2 /* eggplant-brownieUITests */ = {
			isa = PBXNativeTarget;
			buildConfigurationList = 30156BE32666969C0084D9F2 /* Build configuration list for PBXNativeTarget "eggplant-brownieUITests" */;
			buildPhases = (
				30156BD02666969C0084D9F2 /* Sources */,
				30156BD12666969C0084D9F2 /* Frameworks */,
				30156BD22666969C0084D9F2 /* Resources */,
			);
			buildRules = (
			);
			dependencies = (
				30156BD62666969C0084D9F2 /* PBXTargetDependency */,
			);
			name = "eggplant-brownieUITests";
			productName = "eggplant-brownieUITests";
			productReference = 30156BD42666969C0084D9F2 /* eggplant-brownieUITests.xctest */;
			productType = "com.apple.product-type.bundle.ui-testing";
		};
/* End PBXNativeTarget section */

/* Begin PBXProject section */
		30156BAB266696910084D9F2 /* Project object */ = {
			isa = PBXProject;
			attributes = {
				LastSwiftUpdateCheck = 1240;
				LastUpgradeCheck = 1240;
				TargetAttributes = {
					30156BB2266696910084D9F2 = {
						CreatedOnToolsVersion = 12.4;
					};
					30156BC82666969C0084D9F2 = {
						CreatedOnToolsVersion = 12.4;
						TestTargetID = 30156BB2266696910084D9F2;
					};
					30156BD32666969C0084D9F2 = {
						CreatedOnToolsVersion = 12.4;
						TestTargetID = 30156BB2266696910084D9F2;
					};
				};
			};
			buildConfigurationList = 30156BAE266696910084D9F2 /* Build configuration list for PBXProject "eggplant-brownie" */;
			compatibilityVersion = "Xcode 9.3";
			developmentRegion = en;
			hasScannedForEncodings = 0;
			knownRegions = (
				en,
				Base,
			);
			mainGroup = 30156BAA266696910084D9F2;
			productRefGroup = 30156BB4266696910084D9F2 /* Products */;
			projectDirPath = "";
			projectRoot = "";
			targets = (
				30156BB2266696910084D9F2 /* eggplant-brownie */,
				30156BC82666969C0084D9F2 /* eggplant-brownieTests */,
				30156BD32666969C0084D9F2 /* eggplant-brownieUITests */,
			);
		};
/* End PBXProject section */

/* Begin PBXResourcesBuildPhase section */
		30156BB1266696910084D9F2 /* Resources */ = {
			isa = PBXResourcesBuildPhase;
			buildActionMask = 2147483647;
			files = (
				30156BC32666969B0084D9F2 /* LaunchScreen.storyboard in Resources */,
				30156BC02666969B0084D9F2 /* Assets.xcassets in Resources */,
				30156BBE266696910084D9F2 /* Main.storyboard in Resources */,
			);
			runOnlyForDeploymentPostprocessing = 0;
		};
		30156BC72666969C0084D9F2 /* Resources */ = {
			isa = PBXResourcesBuildPhase;
			buildActionMask = 2147483647;
			files = (
			);
			runOnlyForDeploymentPostprocessing = 0;
		};
		30156BD22666969C0084D9F2 /* Resources */ = {
			isa = PBXResourcesBuildPhase;
			buildActionMask = 2147483647;
			files = (
			);
			runOnlyForDeploymentPostprocessing = 0;
		};
/* End PBXResourcesBuildPhase section */

/* Begin PBXSourcesBuildPhase section */
		30156BAF266696910084D9F2 /* Sources */ = {
			isa = PBXSourcesBuildPhase;
			buildActionMask = 2147483647;
			files = (
				308531442667258A004DB2E8 /* Item.swift in Sources */,
				30156BBB266696910084D9F2 /* ViewController.swift in Sources */,
				30156BB7266696910084D9F2 /* AppDelegate.swift in Sources */,
				30BC6C39266C5CA700CF0056 /* RefeicoesTableViewController.swift in Sources */,
				30156BB9266696910084D9F2 /* SceneDelegate.swift in Sources */,
				3085314226672554004DB2E8 /* Refeicao.swift in Sources */,
			);
			runOnlyForDeploymentPostprocessing = 0;
		};
		30156BC52666969C0084D9F2 /* Sources */ = {
			isa = PBXSourcesBuildPhase;
			buildActionMask = 2147483647;
			files = (
				30156BCE2666969C0084D9F2 /* eggplant_brownieTests.swift in Sources */,
			);
			runOnlyForDeploymentPostprocessing = 0;
		};
		30156BD02666969C0084D9F2 /* Sources */ = {
			isa = PBXSourcesBuildPhase;
			buildActionMask = 2147483647;
			files = (
				30156BD92666969C0084D9F2 /* eggplant_brownieUITests.swift in Sources */,
			);
			runOnlyForDeploymentPostprocessing = 0;
		};
/* End PBXSourcesBuildPhase section */

/* Begin PBXTargetDependency section */
		30156BCB2666969C0084D9F2 /* PBXTargetDependency */ = {
			isa = PBXTargetDependency;
			target = 30156BB2266696910084D9F2 /* eggplant-brownie */;
			targetProxy = 30156BCA2666969C0084D9F2 /* PBXContainerItemProxy */;
		};
		30156BD62666969C0084D9F2 /* PBXTargetDependency */ = {
			isa = PBXTargetDependency;
			target = 30156BB2266696910084D9F2 /* eggplant-brownie */;
			targetProxy = 30156BD52666969C0084D9F2 /* PBXContainerItemProxy */;
		};
/* End PBXTargetDependency section */

/* Begin PBXVariantGroup section */
		30156BBC266696910084D9F2 /* Main.storyboard */ = {
			isa = PBXVariantGroup;
			children = (
				30156BBD266696910084D9F2 /* Base */,
			);
			name = Main.storyboard;
			sourceTree = "<group>";
		};
		30156BC12666969B0084D9F2 /* LaunchScreen.storyboard */ = {
			isa = PBXVariantGroup;
			children = (
				30156BC22666969B0084D9F2 /* Base */,
			);
			name = LaunchScreen.storyboard;
			sourceTree = "<group>";
		};
/* End PBXVariantGroup section */

/* Begin XCBuildConfiguration section */
		30156BDB2666969C0084D9F2 /* Debug */ = {
			isa = XCBuildConfiguration;
			buildSettings = {
				ALWAYS_SEARCH_USER_PATHS = NO;
				CLANG_ANALYZER_NONNULL = YES;
				CLANG_ANALYZER_NUMBER_OBJECT_CONVERSION = YES_AGGRESSIVE;
				CLANG_CXX_LANGUAGE_STANDARD = "gnu++14";
				CLANG_CXX_LIBRARY = "libc++";
				CLANG_ENABLE_MODULES = YES;
				CLANG_ENABLE_OBJC_ARC = YES;
				CLANG_ENABLE_OBJC_WEAK = YES;
				CLANG_WARN_BLOCK_CAPTURE_AUTORELEASING = YES;
				CLANG_WARN_BOOL_CONVERSION = YES;
				CLANG_WARN_COMMA = YES;
				CLANG_WARN_CONSTANT_CONVERSION = YES;
				CLANG_WARN_DEPRECATED_OBJC_IMPLEMENTATIONS = YES;
				CLANG_WARN_DIRECT_OBJC_ISA_USAGE = YES_ERROR;
				CLANG_WARN_DOCUMENTATION_COMMENTS = YES;
				CLANG_WARN_EMPTY_BODY = YES;
				CLANG_WARN_ENUM_CONVERSION = YES;
				CLANG_WARN_INFINITE_RECURSION = YES;
				CLANG_WARN_INT_CONVERSION = YES;
				CLANG_WARN_NON_LITERAL_NULL_CONVERSION = YES;
				CLANG_WARN_OBJC_IMPLICIT_RETAIN_SELF = YES;
				CLANG_WARN_OBJC_LITERAL_CONVERSION = YES;
				CLANG_WARN_OBJC_ROOT_CLASS = YES_ERROR;
				CLANG_WARN_QUOTED_INCLUDE_IN_FRAMEWORK_HEADER = YES;
				CLANG_WARN_RANGE_LOOP_ANALYSIS = YES;
				CLANG_WARN_STRICT_PROTOTYPES = YES;
				CLANG_WARN_SUSPICIOUS_MOVE = YES;
				CLANG_WARN_UNGUARDED_AVAILABILITY = YES_AGGRESSIVE;
				CLANG_WARN_UNREACHABLE_CODE = YES;
				CLANG_WARN__DUPLICATE_METHOD_MATCH = YES;
				COPY_PHASE_STRIP = NO;
				DEBUG_INFORMATION_FORMAT = dwarf;
				ENABLE_STRICT_OBJC_MSGSEND = YES;
				ENABLE_TESTABILITY = YES;
				GCC_C_LANGUAGE_STANDARD = gnu11;
				GCC_DYNAMIC_NO_PIC = NO;
				GCC_NO_COMMON_BLOCKS = YES;
				GCC_OPTIMIZATION_LEVEL = 0;
				GCC_PREPROCESSOR_DEFINITIONS = (
					"DEBUG=1",
					"$(inherited)",
				);
				GCC_WARN_64_TO_32_BIT_CONVERSION = YES;
				GCC_WARN_ABOUT_RETURN_TYPE = YES_ERROR;
				GCC_WARN_UNDECLARED_SELECTOR = YES;
				GCC_WARN_UNINITIALIZED_AUTOS = YES_AGGRESSIVE;
				GCC_WARN_UNUSED_FUNCTION = YES;
				GCC_WARN_UNUSED_VARIABLE = YES;
				IPHONEOS_DEPLOYMENT_TARGET = 14.4;
				MTL_ENABLE_DEBUG_INFO = INCLUDE_SOURCE;
				MTL_FAST_MATH = YES;
				ONLY_ACTIVE_ARCH = YES;
				SDKROOT = iphoneos;
				SWIFT_ACTIVE_COMPILATION_CONDITIONS = DEBUG;
				SWIFT_OPTIMIZATION_LEVEL = "-Onone";
			};
			name = Debug;
		};
		30156BDC2666969C0084D9F2 /* Release */ = {
			isa = XCBuildConfiguration;
			buildSettings = {
				ALWAYS_SEARCH_USER_PATHS = NO;
				CLANG_ANALYZER_NONNULL = YES;
				CLANG_ANALYZER_NUMBER_OBJECT_CONVERSION = YES_AGGRESSIVE;
				CLANG_CXX_LANGUAGE_STANDARD = "gnu++14";
				CLANG_CXX_LIBRARY = "libc++";
				CLANG_ENABLE_MODULES = YES;
				CLANG_ENABLE_OBJC_ARC = YES;
				CLANG_ENABLE_OBJC_WEAK = YES;
				CLANG_WARN_BLOCK_CAPTURE_AUTORELEASING = YES;
				CLANG_WARN_BOOL_CONVERSION = YES;
				CLANG_WARN_COMMA = YES;
				CLANG_WARN_CONSTANT_CONVERSION = YES;
				CLANG_WARN_DEPRECATED_OBJC_IMPLEMENTATIONS = YES;
				CLANG_WARN_DIRECT_OBJC_ISA_USAGE = YES_ERROR;
				CLANG_WARN_DOCUMENTATION_COMMENTS = YES;
				CLANG_WARN_EMPTY_BODY = YES;
				CLANG_WARN_ENUM_CONVERSION = YES;
				CLANG_WARN_INFINITE_RECURSION = YES;
				CLANG_WARN_INT_CONVERSION = YES;
				CLANG_WARN_NON_LITERAL_NULL_CONVERSION = YES;
				CLANG_WARN_OBJC_IMPLICIT_RETAIN_SELF = YES;
				CLANG_WARN_OBJC_LITERAL_CONVERSION = YES;
				CLANG_WARN_OBJC_ROOT_CLASS = YES_ERROR;
				CLANG_WARN_QUOTED_INCLUDE_IN_FRAMEWORK_HEADER = YES;
				CLANG_WARN_RANGE_LOOP_ANALYSIS = YES;
				CLANG_WARN_STRICT_PROTOTYPES = YES;
				CLANG_WARN_SUSPICIOUS_MOVE = YES;
				CLANG_WARN_UNGUARDED_AVAILABILITY = YES_AGGRESSIVE;
				CLANG_WARN_UNREACHABLE_CODE = YES;
				CLANG_WARN__DUPLICATE_METHOD_MATCH = YES;
				COPY_PHASE_STRIP = NO;
				DEBUG_INFORMATION_FORMAT = "dwarf-with-dsym";
				ENABLE_NS_ASSERTIONS = NO;
				ENABLE_STRICT_OBJC_MSGSEND = YES;
				GCC_C_LANGUAGE_STANDARD = gnu11;
				GCC_NO_COMMON_BLOCKS = YES;
				GCC_WARN_64_TO_32_BIT_CONVERSION = YES;
				GCC_WARN_ABOUT_RETURN_TYPE = YES_ERROR;
				GCC_WARN_UNDECLARED_SELECTOR = YES;
				GCC_WARN_UNINITIALIZED_AUTOS = YES_AGGRESSIVE;
				GCC_WARN_UNUSED_FUNCTION = YES;
				GCC_WARN_UNUSED_VARIABLE = YES;
				IPHONEOS_DEPLOYMENT_TARGET = 14.4;
				MTL_ENABLE_DEBUG_INFO = NO;
				MTL_FAST_MATH = YES;
				SDKROOT = iphoneos;
				SWIFT_COMPILATION_MODE = wholemodule;
				SWIFT_OPTIMIZATION_LEVEL = "-O";
				VALIDATE_PRODUCT = YES;
			};
			name = Release;
		};
		30156BDE2666969C0084D9F2 /* Debug */ = {
			isa = XCBuildConfiguration;
			buildSettings = {
				ASSETCATALOG_COMPILER_APPICON_NAME = AppIcon;
				ASSETCATALOG_COMPILER_GLOBAL_ACCENT_COLOR_NAME = AccentColor;
				CODE_SIGN_STYLE = Automatic;
				INFOPLIST_FILE = "eggplant-brownie/Info.plist";
				LD_RUNPATH_SEARCH_PATHS = (
					"$(inherited)",
					"@executable_path/Frameworks",
				);
				PRODUCT_BUNDLE_IDENTIFIER = "br.com.mario.eggplant-brownie";
				PRODUCT_NAME = "$(TARGET_NAME)";
				SWIFT_VERSION = 5.0;
				TARGETED_DEVICE_FAMILY = "1,2";
			};
			name = Debug;
		};
		30156BDF2666969C0084D9F2 /* Release */ = {
			isa = XCBuildConfiguration;
			buildSettings = {
				ASSETCATALOG_COMPILER_APPICON_NAME = AppIcon;
				ASSETCATALOG_COMPILER_GLOBAL_ACCENT_COLOR_NAME = AccentColor;
				CODE_SIGN_STYLE = Automatic;
				INFOPLIST_FILE = "eggplant-brownie/Info.plist";
				LD_RUNPATH_SEARCH_PATHS = (
					"$(inherited)",
					"@executable_path/Frameworks",
				);
				PRODUCT_BUNDLE_IDENTIFIER = "br.com.mario.eggplant-brownie";
				PRODUCT_NAME = "$(TARGET_NAME)";
				SWIFT_VERSION = 5.0;
				TARGETED_DEVICE_FAMILY = "1,2";
			};
			name = Release;
		};
		30156BE12666969C0084D9F2 /* Debug */ = {
			isa = XCBuildConfiguration;
			buildSettings = {
				ALWAYS_EMBED_SWIFT_STANDARD_LIBRARIES = YES;
				BUNDLE_LOADER = "$(TEST_HOST)";
				CODE_SIGN_STYLE = Automatic;
				INFOPLIST_FILE = "eggplant-brownieTests/Info.plist";
				IPHONEOS_DEPLOYMENT_TARGET = 14.4;
				LD_RUNPATH_SEARCH_PATHS = (
					"$(inherited)",
					"@executable_path/Frameworks",
					"@loader_path/Frameworks",
				);
				PRODUCT_BUNDLE_IDENTIFIER = "br.com.mario.eggplant-brownieTests";
				PRODUCT_NAME = "$(TARGET_NAME)";
				SWIFT_VERSION = 5.0;
				TARGETED_DEVICE_FAMILY = "1,2";
				TEST_HOST = "$(BUILT_PRODUCTS_DIR)/eggplant-brownie.app/eggplant-brownie";
			};
			name = Debug;
		};
		30156BE22666969C0084D9F2 /* Release */ = {
			isa = XCBuildConfiguration;
			buildSettings = {
				ALWAYS_EMBED_SWIFT_STANDARD_LIBRARIES = YES;
				BUNDLE_LOADER = "$(TEST_HOST)";
				CODE_SIGN_STYLE = Automatic;
				INFOPLIST_FILE = "eggplant-brownieTests/Info.plist";
				IPHONEOS_DEPLOYMENT_TARGET = 14.4;
				LD_RUNPATH_SEARCH_PATHS = (
					"$(inherited)",
					"@executable_path/Frameworks",
					"@loader_path/Frameworks",
				);
				PRODUCT_BUNDLE_IDENTIFIER = "br.com.mario.eggplant-brownieTests";
				PRODUCT_NAME = "$(TARGET_NAME)";
				SWIFT_VERSION = 5.0;
				TARGETED_DEVICE_FAMILY = "1,2";
				TEST_HOST = "$(BUILT_PRODUCTS_DIR)/eggplant-brownie.app/eggplant-brownie";
			};
			name = Release;
		};
		30156BE42666969C0084D9F2 /* Debug */ = {
			isa = XCBuildConfiguration;
			buildSettings = {
				ALWAYS_EMBED_SWIFT_STANDARD_LIBRARIES = YES;
				CODE_SIGN_STYLE = Automatic;
				INFOPLIST_FILE = "eggplant-brownieUITests/Info.plist";
				LD_RUNPATH_SEARCH_PATHS = (
					"$(inherited)",
					"@executable_path/Frameworks",
					"@loader_path/Frameworks",
				);
				PRODUCT_BUNDLE_IDENTIFIER = "br.com.mario.eggplant-brownieUITests";
				PRODUCT_NAME = "$(TARGET_NAME)";
				SWIFT_VERSION = 5.0;
				TARGETED_DEVICE_FAMILY = "1,2";
				TEST_TARGET_NAME = "eggplant-brownie";
			};
			name = Debug;
		};
		30156BE52666969C0084D9F2 /* Release */ = {
			isa = XCBuildConfiguration;
			buildSettings = {
				ALWAYS_EMBED_SWIFT_STANDARD_LIBRARIES = YES;
				CODE_SIGN_STYLE = Automatic;
				INFOPLIST_FILE = "eggplant-brownieUITests/Info.plist";
				LD_RUNPATH_SEARCH_PATHS = (
					"$(inherited)",
					"@executable_path/Frameworks",
					"@loader_path/Frameworks",
				);
				PRODUCT_BUNDLE_IDENTIFIER = "br.com.mario.eggplant-brownieUITests";
				PRODUCT_NAME = "$(TARGET_NAME)";
				SWIFT_VERSION = 5.0;
				TARGETED_DEVICE_FAMILY = "1,2";
				TEST_TARGET_NAME = "eggplant-brownie";
			};
			name = Release;
		};
/* End XCBuildConfiguration section */

/* Begin XCConfigurationList section */
		30156BAE266696910084D9F2 /* Build configuration list for PBXProject "eggplant-brownie" */ = {
			isa = XCConfigurationList;
			buildConfigurations = (
				30156BDB2666969C0084D9F2 /* Debug */,
				30156BDC2666969C0084D9F2 /* Release */,
			);
			defaultConfigurationIsVisible = 0;
			defaultConfigurationName = Release;
		};
		30156BDD2666969C0084D9F2 /* Build configuration list for PBXNativeTarget "eggplant-brownie" */ = {
			isa = XCConfigurationList;
			buildConfigurations = (
				30156BDE2666969C0084D9F2 /* Debug */,
				30156BDF2666969C0084D9F2 /* Release */,
			);
			defaultConfigurationIsVisible = 0;
			defaultConfigurationName = Release;
		};
		30156BE02666969C0084D9F2 /* Build configuration list for PBXNativeTarget "eggplant-brownieTests" */ = {
			isa = XCConfigurationList;
			buildConfigurations = (
				30156BE12666969C0084D9F2 /* Debug */,
				30156BE22666969C0084D9F2 /* Release */,
			);
			defaultConfigurationIsVisible = 0;
			defaultConfigurationName = Release;
		};
		30156BE32666969C0084D9F2 /* Build configuration list for PBXNativeTarget "eggplant-brownieUITests" */ = {
			isa = XCConfigurationList;
			buildConfigurations = (
				30156BE42666969C0084D9F2 /* Debug */,
				30156BE52666969C0084D9F2 /* Release */,
			);
			defaultConfigurationIsVisible = 0;
			defaultConfigurationName = Release;
		};
/* End XCConfigurationList section */
	};
	rootObject = 30156BAB266696910084D9F2 /* Project object */;
}
